
Microsoft Visual Studio Solution File, Format Version 12.00
# Visual Studio Version 17
VisualStudioVersion = 17.12.35707.178
MinimumVisualStudioVersion = 10.0.40219.1
Project("{2150E333-8FDC-42A3-9474-1A3956D46DE8}") = "src", "src", "{A12E64DA-F565-4A90-83C2-A54FFC1466EA}"
EndProject
Project("{FAE04EC0-301F-11D3-BF4B-00C04F79EFBC}") = "Api", "src\Api\Api.csproj", "{F56B25C1-18DE-4815-A59C-A07FA0A15406}"
EndProject
Project("{FAE04EC0-301F-11D3-BF4B-00C04F79EFBC}") = "Core", "src\Core\Core.csproj", "{8B13D181-912F-4678-BA11-C3527C17A985}"
EndProject
Project("{FAE04EC0-301F-11D3-BF4B-00C04F79EFBC}") = "Infrastructure", "src\Infrastructure\Infrastructure.csproj", "{EB58E334-D258-4CD5-AD77-B204C08E48AE}"
EndProject
Project("{2150E333-8FDC-42A3-9474-1A3956D46DE8}") = "tests", "tests", "{07B15B04-8D72-4D01-B09E-8193FFCAA71B}"
EndProject
Project("{FAE04EC0-301F-11D3-BF4B-00C04F79EFBC}") = "IntegrationTests", "tests\IntegrationTests\IntegrationTests.csproj", "{2E294E22-28FE-4291-90D8-82F890C16987}"
EndProject
Global
	GlobalSection(SolutionConfigurationPlatforms) = preSolution
		Debug|Any CPU = Debug|Any CPU
		Release|Any CPU = Release|Any CPU
	EndGlobalSection
	GlobalSection(ProjectConfigurationPlatforms) = postSolution
		{F56B25C1-18DE-4815-A59C-A07FA0A15406}.Debug|Any CPU.ActiveCfg = Debug|Any CPU
		{F56B25C1-18DE-4815-A59C-A07FA0A15406}.Debug|Any CPU.Build.0 = Debug|Any CPU
		{F56B25C1-18DE-4815-A59C-A07FA0A15406}.Release|Any CPU.ActiveCfg = Release|Any CPU
		{F56B25C1-18DE-4815-A59C-A07FA0A15406}.Release|Any CPU.Build.0 = Release|Any CPU
		{8B13D181-912F-4678-BA11-C3527C17A985}.Debug|Any CPU.ActiveCfg = Debug|Any CPU
		{8B13D181-912F-4678-BA11-C3527C17A985}.Debug|Any CPU.Build.0 = Debug|Any CPU
		{8B13D181-912F-4678-BA11-C3527C17A985}.Release|Any CPU.ActiveCfg = Release|Any CPU
		{8B13D181-912F-4678-BA11-C3527C17A985}.Release|Any CPU.Build.0 = Release|Any CPU
		{EB58E334-D258-4CD5-AD77-B204C08E48AE}.Debug|Any CPU.ActiveCfg = Debug|Any CPU
		{EB58E334-D258-4CD5-AD77-B204C08E48AE}.Debug|Any CPU.Build.0 = Debug|Any CPU
		{EB58E334-D258-4CD5-AD77-B204C08E48AE}.Release|Any CPU.ActiveCfg = Release|Any CPU
		{EB58E334-D258-4CD5-AD77-B204C08E48AE}.Release|Any CPU.Build.0 = Release|Any CPU
		{2E294E22-28FE-4291-90D8-82F890C16987}.Debug|Any CPU.ActiveCfg = Debug|Any CPU
		{2E294E22-28FE-4291-90D8-82F890C16987}.Debug|Any CPU.Build.0 = Debug|Any CPU
		{2E294E22-28FE-4291-90D8-82F890C16987}.Release|Any CPU.ActiveCfg = Release|Any CPU
		{2E294E22-28FE-4291-90D8-82F890C16987}.Release|Any CPU.Build.0 = Release|Any CPU
	EndGlobalSection
	GlobalSection(SolutionProperties) = preSolution
		HideSolutionNode = FALSE
	EndGlobalSection
	GlobalSection(NestedProjects) = preSolution
		{F56B25C1-18DE-4815-A59C-A07FA0A15406} = {A12E64DA-F565-4A90-83C2-A54FFC1466EA}
		{8B13D181-912F-4678-BA11-C3527C17A985} = {A12E64DA-F565-4A90-83C2-A54FFC1466EA}
		{EB58E334-D258-4CD5-AD77-B204C08E48AE} = {A12E64DA-F565-4A90-83C2-A54FFC1466EA}
		{2E294E22-28FE-4291-90D8-82F890C16987} = {07B15B04-8D72-4D01-B09E-8193FFCAA71B}
	EndGlobalSection
EndGlobal
